// !$*UTF8*$!
{
	archiveVersion = 1;
	classes = {
	};
	objectVersion = 46;
	objects = {

/* Begin PBXBuildFile section */
		A432A72D1D7FBE540038E9C8 /* AppDelegate.swift in Sources */ = {isa = PBXBuildFile; fileRef = A432A72C1D7FBE540038E9C8 /* AppDelegate.swift */; };
		A432A72F1D7FBE540038E9C8 /* ViewController.swift in Sources */ = {isa = PBXBuildFile; fileRef = A432A72E1D7FBE540038E9C8 /* ViewController.swift */; };
		A432A7321D7FBE540038E9C8 /* Main.storyboard in Resources */ = {isa = PBXBuildFile; fileRef = A432A7301D7FBE540038E9C8 /* Main.storyboard */; };
		A432A7341D7FBE540038E9C8 /* Assets.xcassets in Resources */ = {isa = PBXBuildFile; fileRef = A432A7331D7FBE540038E9C8 /* Assets.xcassets */; };
		A432A7371D7FBE540038E9C8 /* LaunchScreen.storyboard in Resources */ = {isa = PBXBuildFile; fileRef = A432A7351D7FBE540038E9C8 /* LaunchScreen.storyboard */; };
		A432A7401D7FBFAA0038E9C8 /* RYImageScroller.swift in Sources */ = {isa = PBXBuildFile; fileRef = A432A73F1D7FBFAA0038E9C8 /* RYImageScroller.swift */; };
		A432A7421D7FEBE70038E9C8 /* RYImageCell.swift in Sources */ = {isa = PBXBuildFile; fileRef = A432A7411D7FEBE70038E9C8 /* RYImageCell.swift */; };
		A45043D91D867C170044738F /* MKAnnotationView+WebCache.m in Sources */ = {isa = PBXBuildFile; fileRef = A45043B91D867C170044738F /* MKAnnotationView+WebCache.m */; };
		A45043DA1D867C170044738F /* NSData+ImageContentType.m in Sources */ = {isa = PBXBuildFile; fileRef = A45043BB1D867C170044738F /* NSData+ImageContentType.m */; };
		A45043DB1D867C170044738F /* SDImageCache.m in Sources */ = {isa = PBXBuildFile; fileRef = A45043BD1D867C170044738F /* SDImageCache.m */; };
		A45043DC1D867C170044738F /* SDWebImageCompat.m in Sources */ = {isa = PBXBuildFile; fileRef = A45043BF1D867C170044738F /* SDWebImageCompat.m */; };
		A45043DD1D867C170044738F /* SDWebImageDecoder.m in Sources */ = {isa = PBXBuildFile; fileRef = A45043C11D867C170044738F /* SDWebImageDecoder.m */; };
		A45043DE1D867C170044738F /* SDWebImageDownloader.m in Sources */ = {isa = PBXBuildFile; fileRef = A45043C31D867C170044738F /* SDWebImageDownloader.m */; };
		A45043DF1D867C170044738F /* SDWebImageDownloaderOperation.m in Sources */ = {isa = PBXBuildFile; fileRef = A45043C51D867C170044738F /* SDWebImageDownloaderOperation.m */; };
		A45043E01D867C170044738F /* SDWebImageManager.m in Sources */ = {isa = PBXBuildFile; fileRef = A45043C71D867C170044738F /* SDWebImageManager.m */; };
		A45043E11D867C170044738F /* SDWebImagePrefetcher.m in Sources */ = {isa = PBXBuildFile; fileRef = A45043CA1D867C170044738F /* SDWebImagePrefetcher.m */; };
		A45043E21D867C170044738F /* UIButton+WebCache.m in Sources */ = {isa = PBXBuildFile; fileRef = A45043CC1D867C170044738F /* UIButton+WebCache.m */; };
		A45043E31D867C170044738F /* UIImage+GIF.m in Sources */ = {isa = PBXBuildFile; fileRef = A45043CE1D867C170044738F /* UIImage+GIF.m */; };
		A45043E41D867C170044738F /* UIImage+MultiFormat.m in Sources */ = {isa = PBXBuildFile; fileRef = A45043D01D867C170044738F /* UIImage+MultiFormat.m */; };
		A45043E51D867C170044738F /* UIImage+WebP.m in Sources */ = {isa = PBXBuildFile; fileRef = A45043D21D867C170044738F /* UIImage+WebP.m */; };
		A45043E61D867C170044738F /* UIImageView+HighlightedWebCache.m in Sources */ = {isa = PBXBuildFile; fileRef = A45043D41D867C170044738F /* UIImageView+HighlightedWebCache.m */; };
		A45043E71D867C170044738F /* UIImageView+WebCache.m in Sources */ = {isa = PBXBuildFile; fileRef = A45043D61D867C170044738F /* UIImageView+WebCache.m */; };
		A45043E81D867C170044738F /* UIView+WebCacheOperation.m in Sources */ = {isa = PBXBuildFile; fileRef = A45043D81D867C170044738F /* UIView+WebCacheOperation.m */; };
/* End PBXBuildFile section */

/* Begin PBXFileReference section */
		A432A7291D7FBE540038E9C8 /* RYImageScroller.app */ = {isa = PBXFileReference; explicitFileType = wrapper.application; includeInIndex = 0; path = RYImageScroller.app; sourceTree = BUILT_PRODUCTS_DIR; };
		A432A72C1D7FBE540038E9C8 /* AppDelegate.swift */ = {isa = PBXFileReference; lastKnownFileType = sourcecode.swift; path = AppDelegate.swift; sourceTree = "<group>"; };
		A432A72E1D7FBE540038E9C8 /* ViewController.swift */ = {isa = PBXFileReference; lastKnownFileType = sourcecode.swift; path = ViewController.swift; sourceTree = "<group>"; };
		A432A7311D7FBE540038E9C8 /* Base */ = {isa = PBXFileReference; lastKnownFileType = file.storyboard; name = Base; path = Base.lproj/Main.storyboard; sourceTree = "<group>"; };
		A432A7331D7FBE540038E9C8 /* Assets.xcassets */ = {isa = PBXFileReference; lastKnownFileType = folder.assetcatalog; path = Assets.xcassets; sourceTree = "<group>"; };
		A432A7361D7FBE540038E9C8 /* Base */ = {isa = PBXFileReference; lastKnownFileType = file.storyboard; name = Base; path = Base.lproj/LaunchScreen.storyboard; sourceTree = "<group>"; };
		A432A7381D7FBE540038E9C8 /* Info.plist */ = {isa = PBXFileReference; lastKnownFileType = text.plist.xml; path = Info.plist; sourceTree = "<group>"; };
		A432A73F1D7FBFAA0038E9C8 /* RYImageScroller.swift */ = {isa = PBXFileReference; fileEncoding = 4; lastKnownFileType = sourcecode.swift; path = RYImageScroller.swift; sourceTree = "<group>"; };
		A432A7411D7FEBE70038E9C8 /* RYImageCell.swift */ = {isa = PBXFileReference; fileEncoding = 4; lastKnownFileType = sourcecode.swift; path = RYImageCell.swift; sourceTree = "<group>"; };
		A45043B81D867C170044738F /* MKAnnotationView+WebCache.h */ = {isa = PBXFileReference; fileEncoding = 4; lastKnownFileType = sourcecode.c.h; path = "MKAnnotationView+WebCache.h"; sourceTree = "<group>"; };
		A45043B91D867C170044738F /* MKAnnotationView+WebCache.m */ = {isa = PBXFileReference; fileEncoding = 4; lastKnownFileType = sourcecode.c.objc; path = "MKAnnotationView+WebCache.m"; sourceTree = "<group>"; };
		A45043BA1D867C170044738F /* NSData+ImageContentType.h */ = {isa = PBXFileReference; fileEncoding = 4; lastKnownFileType = sourcecode.c.h; path = "NSData+ImageContentType.h"; sourceTree = "<group>"; };
		A45043BB1D867C170044738F /* NSData+ImageContentType.m */ = {isa = PBXFileReference; fileEncoding = 4; lastKnownFileType = sourcecode.c.objc; path = "NSData+ImageContentType.m"; sourceTree = "<group>"; };
		A45043BC1D867C170044738F /* SDImageCache.h */ = {isa = PBXFileReference; fileEncoding = 4; lastKnownFileType = sourcecode.c.h; path = SDImageCache.h; sourceTree = "<group>"; };
		A45043BD1D867C170044738F /* SDImageCache.m */ = {isa = PBXFileReference; fileEncoding = 4; lastKnownFileType = sourcecode.c.objc; path = SDImageCache.m; sourceTree = "<group>"; };
		A45043BE1D867C170044738F /* SDWebImageCompat.h */ = {isa = PBXFileReference; fileEncoding = 4; lastKnownFileType = sourcecode.c.h; path = SDWebImageCompat.h; sourceTree = "<group>"; };
		A45043BF1D867C170044738F /* SDWebImageCompat.m */ = {isa = PBXFileReference; fileEncoding = 4; lastKnownFileType = sourcecode.c.objc; path = SDWebImageCompat.m; sourceTree = "<group>"; };
		A45043C01D867C170044738F /* SDWebImageDecoder.h */ = {isa = PBXFileReference; fileEncoding = 4; lastKnownFileType = sourcecode.c.h; path = SDWebImageDecoder.h; sourceTree = "<group>"; };
		A45043C11D867C170044738F /* SDWebImageDecoder.m */ = {isa = PBXFileReference; fileEncoding = 4; lastKnownFileType = sourcecode.c.objc; path = SDWebImageDecoder.m; sourceTree = "<group>"; };
		A45043C21D867C170044738F /* SDWebImageDownloader.h */ = {isa = PBXFileReference; fileEncoding = 4; lastKnownFileType = sourcecode.c.h; path = SDWebImageDownloader.h; sourceTree = "<group>"; };
		A45043C31D867C170044738F /* SDWebImageDownloader.m */ = {isa = PBXFileReference; fileEncoding = 4; lastKnownFileType = sourcecode.c.objc; path = SDWebImageDownloader.m; sourceTree = "<group>"; };
		A45043C41D867C170044738F /* SDWebImageDownloaderOperation.h */ = {isa = PBXFileReference; fileEncoding = 4; lastKnownFileType = sourcecode.c.h; path = SDWebImageDownloaderOperation.h; sourceTree = "<group>"; };
		A45043C51D867C170044738F /* SDWebImageDownloaderOperation.m */ = {isa = PBXFileReference; fileEncoding = 4; lastKnownFileType = sourcecode.c.objc; path = SDWebImageDownloaderOperation.m; sourceTree = "<group>"; };
		A45043C61D867C170044738F /* SDWebImageManager.h */ = {isa = PBXFileReference; fileEncoding = 4; lastKnownFileType = sourcecode.c.h; path = SDWebImageManager.h; sourceTree = "<group>"; };
		A45043C71D867C170044738F /* SDWebImageManager.m */ = {isa = PBXFileReference; fileEncoding = 4; lastKnownFileType = sourcecode.c.objc; path = SDWebImageManager.m; sourceTree = "<group>"; };
		A45043C81D867C170044738F /* SDWebImageOperation.h */ = {isa = PBXFileReference; fileEncoding = 4; lastKnownFileType = sourcecode.c.h; path = SDWebImageOperation.h; sourceTree = "<group>"; };
		A45043C91D867C170044738F /* SDWebImagePrefetcher.h */ = {isa = PBXFileReference; fileEncoding = 4; lastKnownFileType = sourcecode.c.h; path = SDWebImagePrefetcher.h; sourceTree = "<group>"; };
		A45043CA1D867C170044738F /* SDWebImagePrefetcher.m */ = {isa = PBXFileReference; fileEncoding = 4; lastKnownFileType = sourcecode.c.objc; path = SDWebImagePrefetcher.m; sourceTree = "<group>"; };
		A45043CB1D867C170044738F /* UIButton+WebCache.h */ = {isa = PBXFileReference; fileEncoding = 4; lastKnownFileType = sourcecode.c.h; path = "UIButton+WebCache.h"; sourceTree = "<group>"; };
		A45043CC1D867C170044738F /* UIButton+WebCache.m */ = {isa = PBXFileReference; fileEncoding = 4; lastKnownFileType = sourcecode.c.objc; path = "UIButton+WebCache.m"; sourceTree = "<group>"; };
		A45043CD1D867C170044738F /* UIImage+GIF.h */ = {isa = PBXFileReference; fileEncoding = 4; lastKnownFileType = sourcecode.c.h; path = "UIImage+GIF.h"; sourceTree = "<group>"; };
		A45043CE1D867C170044738F /* UIImage+GIF.m */ = {isa = PBXFileReference; fileEncoding = 4; lastKnownFileType = sourcecode.c.objc; path = "UIImage+GIF.m"; sourceTree = "<group>"; };
		A45043CF1D867C170044738F /* UIImage+MultiFormat.h */ = {isa = PBXFileReference; fileEncoding = 4; lastKnownFileType = sourcecode.c.h; path = "UIImage+MultiFormat.h"; sourceTree = "<group>"; };
		A45043D01D867C170044738F /* UIImage+MultiFormat.m */ = {isa = PBXFileReference; fileEncoding = 4; lastKnownFileType = sourcecode.c.objc; path = "UIImage+MultiFormat.m"; sourceTree = "<group>"; };
		A45043D11D867C170044738F /* UIImage+WebP.h */ = {isa = PBXFileReference; fileEncoding = 4; lastKnownFileType = sourcecode.c.h; path = "UIImage+WebP.h"; sourceTree = "<group>"; };
		A45043D21D867C170044738F /* UIImage+WebP.m */ = {isa = PBXFileReference; fileEncoding = 4; lastKnownFileType = sourcecode.c.objc; path = "UIImage+WebP.m"; sourceTree = "<group>"; };
		A45043D31D867C170044738F /* UIImageView+HighlightedWebCache.h */ = {isa = PBXFileReference; fileEncoding = 4; lastKnownFileType = sourcecode.c.h; path = "UIImageView+HighlightedWebCache.h"; sourceTree = "<group>"; };
		A45043D41D867C170044738F /* UIImageView+HighlightedWebCache.m */ = {isa = PBXFileReference; fileEncoding = 4; lastKnownFileType = sourcecode.c.objc; path = "UIImageView+HighlightedWebCache.m"; sourceTree = "<group>"; };
		A45043D51D867C170044738F /* UIImageView+WebCache.h */ = {isa = PBXFileReference; fileEncoding = 4; lastKnownFileType = sourcecode.c.h; path = "UIImageView+WebCache.h"; sourceTree = "<group>"; };
		A45043D61D867C170044738F /* UIImageView+WebCache.m */ = {isa = PBXFileReference; fileEncoding = 4; lastKnownFileType = sourcecode.c.objc; path = "UIImageView+WebCache.m"; sourceTree = "<group>"; };
		A45043D71D867C170044738F /* UIView+WebCacheOperation.h */ = {isa = PBXFileReference; fileEncoding = 4; lastKnownFileType = sourcecode.c.h; path = "UIView+WebCacheOperation.h"; sourceTree = "<group>"; };
		A45043D81D867C170044738F /* UIView+WebCacheOperation.m */ = {isa = PBXFileReference; fileEncoding = 4; lastKnownFileType = sourcecode.c.objc; path = "UIView+WebCacheOperation.m"; sourceTree = "<group>"; };
		A45043E91D867DB30044738F /* RYImageScroller-Brdging-Header.h */ = {isa = PBXFileReference; lastKnownFileType = sourcecode.c.h; path = "RYImageScroller-Brdging-Header.h"; sourceTree = "<group>"; };
/* End PBXFileReference section */

/* Begin PBXFrameworksBuildPhase section */
		A432A7261D7FBE540038E9C8 /* Frameworks */ = {
			isa = PBXFrameworksBuildPhase;
			buildActionMask = 2147483647;
			files = (
			);
			runOnlyForDeploymentPostprocessing = 0;
		};
/* End PBXFrameworksBuildPhase section */

/* Begin PBXGroup section */
		A432A7201D7FBE540038E9C8 = {
			isa = PBXGroup;
			children = (
				A432A72B1D7FBE540038E9C8 /* RYImageScroller */,
				A432A72A1D7FBE540038E9C8 /* Products */,
			);
			sourceTree = "<group>";
		};
		A432A72A1D7FBE540038E9C8 /* Products */ = {
			isa = PBXGroup;
			children = (
				A432A7291D7FBE540038E9C8 /* RYImageScroller.app */,
			);
			name = Products;
			sourceTree = "<group>";
		};
		A432A72B1D7FBE540038E9C8 /* RYImageScroller */ = {
			isa = PBXGroup;
			children = (
				A45043B71D867C170044738F /* SDWebImage */,
				A432A73E1D7FBF710038E9C8 /* RYImageScroller */,
				A432A72C1D7FBE540038E9C8 /* AppDelegate.swift */,
				A432A72E1D7FBE540038E9C8 /* ViewController.swift */,
				A432A7301D7FBE540038E9C8 /* Main.storyboard */,
				A432A7331D7FBE540038E9C8 /* Assets.xcassets */,
				A432A7351D7FBE540038E9C8 /* LaunchScreen.storyboard */,
				A432A7381D7FBE540038E9C8 /* Info.plist */,
			);
			path = RYImageScroller;
			sourceTree = "<group>";
		};
		A432A73E1D7FBF710038E9C8 /* RYImageScroller */ = {
			isa = PBXGroup;
			children = (
				A432A73F1D7FBFAA0038E9C8 /* RYImageScroller.swift */,
				A432A7411D7FEBE70038E9C8 /* RYImageCell.swift */,
				A45043E91D867DB30044738F /* RYImageScroller-Brdging-Header.h */,
			);
			path = RYImageScroller;
			sourceTree = "<group>";
		};
		A45043B71D867C170044738F /* SDWebImage */ = {
			isa = PBXGroup;
			children = (
				A45043B81D867C170044738F /* MKAnnotationView+WebCache.h */,
				A45043B91D867C170044738F /* MKAnnotationView+WebCache.m */,
				A45043BA1D867C170044738F /* NSData+ImageContentType.h */,
				A45043BB1D867C170044738F /* NSData+ImageContentType.m */,
				A45043BC1D867C170044738F /* SDImageCache.h */,
				A45043BD1D867C170044738F /* SDImageCache.m */,
				A45043BE1D867C170044738F /* SDWebImageCompat.h */,
				A45043BF1D867C170044738F /* SDWebImageCompat.m */,
				A45043C01D867C170044738F /* SDWebImageDecoder.h */,
				A45043C11D867C170044738F /* SDWebImageDecoder.m */,
				A45043C21D867C170044738F /* SDWebImageDownloader.h */,
				A45043C31D867C170044738F /* SDWebImageDownloader.m */,
				A45043C41D867C170044738F /* SDWebImageDownloaderOperation.h */,
				A45043C51D867C170044738F /* SDWebImageDownloaderOperation.m */,
				A45043C61D867C170044738F /* SDWebImageManager.h */,
				A45043C71D867C170044738F /* SDWebImageManager.m */,
				A45043C81D867C170044738F /* SDWebImageOperation.h */,
				A45043C91D867C170044738F /* SDWebImagePrefetcher.h */,
				A45043CA1D867C170044738F /* SDWebImagePrefetcher.m */,
				A45043CB1D867C170044738F /* UIButton+WebCache.h */,
				A45043CC1D867C170044738F /* UIButton+WebCache.m */,
				A45043CD1D867C170044738F /* UIImage+GIF.h */,
				A45043CE1D867C170044738F /* UIImage+GIF.m */,
				A45043CF1D867C170044738F /* UIImage+MultiFormat.h */,
				A45043D01D867C170044738F /* UIImage+MultiFormat.m */,
				A45043D11D867C170044738F /* UIImage+WebP.h */,
				A45043D21D867C170044738F /* UIImage+WebP.m */,
				A45043D31D867C170044738F /* UIImageView+HighlightedWebCache.h */,
				A45043D41D867C170044738F /* UIImageView+HighlightedWebCache.m */,
				A45043D51D867C170044738F /* UIImageView+WebCache.h */,
				A45043D61D867C170044738F /* UIImageView+WebCache.m */,
				A45043D71D867C170044738F /* UIView+WebCacheOperation.h */,
				A45043D81D867C170044738F /* UIView+WebCacheOperation.m */,
			);
			path = SDWebImage;
			sourceTree = "<group>";
		};
/* End PBXGroup section */

/* Begin PBXNativeTarget section */
		A432A7281D7FBE540038E9C8 /* RYImageScroller */ = {
			isa = PBXNativeTarget;
			buildConfigurationList = A432A73B1D7FBE540038E9C8 /* Build configuration list for PBXNativeTarget "RYImageScroller" */;
			buildPhases = (
				A432A7251D7FBE540038E9C8 /* Sources */,
				A432A7261D7FBE540038E9C8 /* Frameworks */,
				A432A7271D7FBE540038E9C8 /* Resources */,
			);
			buildRules = (
			);
			dependencies = (
			);
			name = RYImageScroller;
			productName = RYImageScroller;
			productReference = A432A7291D7FBE540038E9C8 /* RYImageScroller.app */;
			productType = "com.apple.product-type.application";
		};
/* End PBXNativeTarget section */

/* Begin PBXProject section */
		A432A7211D7FBE540038E9C8 /* Project object */ = {
			isa = PBXProject;
			attributes = {
				LastSwiftUpdateCheck = 0800;
				LastUpgradeCheck = 0800;
				ORGANIZATIONNAME = RongqingWang;
				TargetAttributes = {
					A432A7281D7FBE540038E9C8 = {
						CreatedOnToolsVersion = 8.0;
						DevelopmentTeam = 9YMD84BE3Z;
						ProvisioningStyle = Automatic;
					};
				};
			};
			buildConfigurationList = A432A7241D7FBE540038E9C8 /* Build configuration list for PBXProject "RYImageScroller" */;
			compatibilityVersion = "Xcode 3.2";
			developmentRegion = English;
			hasScannedForEncodings = 0;
			knownRegions = (
				en,
				Base,
			);
			mainGroup = A432A7201D7FBE540038E9C8;
			productRefGroup = A432A72A1D7FBE540038E9C8 /* Products */;
			projectDirPath = "";
			projectRoot = "";
			targets = (
				A432A7281D7FBE540038E9C8 /* RYImageScroller */,
			);
		};
/* End PBXProject section */

/* Begin PBXResourcesBuildPhase section */
		A432A7271D7FBE540038E9C8 /* Resources */ = {
			isa = PBXResourcesBuildPhase;
			buildActionMask = 2147483647;
			files = (
				A432A7371D7FBE540038E9C8 /* LaunchScreen.storyboard in Resources */,
				A432A7341D7FBE540038E9C8 /* Assets.xcassets in Resources */,
				A432A7321D7FBE540038E9C8 /* Main.storyboard in Resources */,
			);
			runOnlyForDeploymentPostprocessing = 0;
		};
/* End PBXResourcesBuildPhase section */

/* Begin PBXSourcesBuildPhase section */
		A432A7251D7FBE540038E9C8 /* Sources */ = {
			isa = PBXSourcesBuildPhase;
			buildActionMask = 2147483647;
			files = (
				A45043E61D867C170044738F /* UIImageView+HighlightedWebCache.m in Sources */,
				A45043E41D867C170044738F /* UIImage+MultiFormat.m in Sources */,
				A45043DF1D867C170044738F /* SDWebImageDownloaderOperation.m in Sources */,
				A432A7401D7FBFAA0038E9C8 /* RYImageScroller.swift in Sources */,
				A45043DC1D867C170044738F /* SDWebImageCompat.m in Sources */,
				A45043E31D867C170044738F /* UIImage+GIF.m in Sources */,
				A45043E11D867C170044738F /* SDWebImagePrefetcher.m in Sources */,
				A432A72F1D7FBE540038E9C8 /* ViewController.swift in Sources */,
				A432A7421D7FEBE70038E9C8 /* RYImageCell.swift in Sources */,
				A45043E51D867C170044738F /* UIImage+WebP.m in Sources */,
				A45043E71D867C170044738F /* UIImageView+WebCache.m in Sources */,
				A45043DE1D867C170044738F /* SDWebImageDownloader.m in Sources */,
				A45043E81D867C170044738F /* UIView+WebCacheOperation.m in Sources */,
				A45043E21D867C170044738F /* UIButton+WebCache.m in Sources */,
				A45043D91D867C170044738F /* MKAnnotationView+WebCache.m in Sources */,
				A45043DA1D867C170044738F /* NSData+ImageContentType.m in Sources */,
				A432A72D1D7FBE540038E9C8 /* AppDelegate.swift in Sources */,
				A45043E01D867C170044738F /* SDWebImageManager.m in Sources */,
				A45043DD1D867C170044738F /* SDWebImageDecoder.m in Sources */,
				A45043DB1D867C170044738F /* SDImageCache.m in Sources */,
			);
			runOnlyForDeploymentPostprocessing = 0;
		};
/* End PBXSourcesBuildPhase section */

/* Begin PBXVariantGroup section */
		A432A7301D7FBE540038E9C8 /* Main.storyboard */ = {
			isa = PBXVariantGroup;
			children = (
				A432A7311D7FBE540038E9C8 /* Base */,
			);
			name = Main.storyboard;
			sourceTree = "<group>";
		};
		A432A7351D7FBE540038E9C8 /* LaunchScreen.storyboard */ = {
			isa = PBXVariantGroup;
			children = (
				A432A7361D7FBE540038E9C8 /* Base */,
			);
			name = LaunchScreen.storyboard;
			sourceTree = "<group>";
		};
/* End PBXVariantGroup section */

/* Begin XCBuildConfiguration section */
		A432A7391D7FBE540038E9C8 /* Debug */ = {
			isa = XCBuildConfiguration;
			buildSettings = {
				ALWAYS_SEARCH_USER_PATHS = NO;
				CLANG_ANALYZER_NONNULL = YES;
				CLANG_CXX_LANGUAGE_STANDARD = "gnu++0x";
				CLANG_CXX_LIBRARY = "libc++";
				CLANG_ENABLE_MODULES = YES;
				CLANG_ENABLE_OBJC_ARC = YES;
				CLANG_WARN_BOOL_CONVERSION = YES;
				CLANG_WARN_CONSTANT_CONVERSION = YES;
				CLANG_WARN_DIRECT_OBJC_ISA_USAGE = YES_ERROR;
				CLANG_WARN_DOCUMENTATION_COMMENTS = YES;
				CLANG_WARN_EMPTY_BODY = YES;
				CLANG_WARN_ENUM_CONVERSION = YES;
				CLANG_WARN_INFINITE_RECURSION = YES;
				CLANG_WARN_INT_CONVERSION = YES;
				CLANG_WARN_OBJC_ROOT_CLASS = YES_ERROR;
				CLANG_WARN_SUSPICIOUS_MOVES = YES;
				CLANG_WARN_UNREACHABLE_CODE = YES;
				CLANG_WARN__DUPLICATE_METHOD_MATCH = YES;
				"CODE_SIGN_IDENTITY[sdk=iphoneos*]" = "iPhone Developer";
				COPY_PHASE_STRIP = NO;
				DEBUG_INFORMATION_FORMAT = dwarf;
				ENABLE_STRICT_OBJC_MSGSEND = YES;
				ENABLE_TESTABILITY = YES;
				GCC_C_LANGUAGE_STANDARD = gnu99;
				GCC_DYNAMIC_NO_PIC = NO;
				GCC_NO_COMMON_BLOCKS = YES;
				GCC_OPTIMIZATION_LEVEL = 0;
				GCC_PREPROCESSOR_DEFINITIONS = (
					"DEBUG=1",
					"$(inherited)",
				);
				GCC_WARN_64_TO_32_BIT_CONVERSION = YES;
				GCC_WARN_ABOUT_RETURN_TYPE = YES_ERROR;
				GCC_WARN_UNDECLARED_SELECTOR = YES;
				GCC_WARN_UNINITIALIZED_AUTOS = YES_AGGRESSIVE;
				GCC_WARN_UNUSED_FUNCTION = YES;
				GCC_WARN_UNUSED_VARIABLE = YES;
				IPHONEOS_DEPLOYMENT_TARGET = 10.0;
				MTL_ENABLE_DEBUG_INFO = YES;
				ONLY_ACTIVE_ARCH = YES;
				SDKROOT = iphoneos;
				SWIFT_ACTIVE_COMPILATION_CONDITIONS = DEBUG;
				SWIFT_OPTIMIZATION_LEVEL = "-Onone";
			};
			name = Debug;
		};
		A432A73A1D7FBE540038E9C8 /* Release */ = {
			isa = XCBuildConfiguration;
			buildSettings = {
				ALWAYS_SEARCH_USER_PATHS = NO;
				CLANG_ANALYZER_NONNULL = YES;
				CLANG_CXX_LANGUAGE_STANDARD = "gnu++0x";
				CLANG_CXX_LIBRARY = "libc++";
				CLANG_ENABLE_MODULES = YES;
				CLANG_ENABLE_OBJC_ARC = YES;
				CLANG_WARN_BOOL_CONVERSION = YES;
				CLANG_WARN_CONSTANT_CONVERSION = YES;
				CLANG_WARN_DIRECT_OBJC_ISA_USAGE = YES_ERROR;
				CLANG_WARN_DOCUMENTATION_COMMENTS = YES;
				CLANG_WARN_EMPTY_BODY = YES;
				CLANG_WARN_ENUM_CONVERSION = YES;
				CLANG_WARN_INFINITE_RECURSION = YES;
				CLANG_WARN_INT_CONVERSION = YES;
				CLANG_WARN_OBJC_ROOT_CLASS = YES_ERROR;
				CLANG_WARN_SUSPICIOUS_MOVES = YES;
				CLANG_WARN_UNREACHABLE_CODE = YES;
				CLANG_WARN__DUPLICATE_METHOD_MATCH = YES;
				"CODE_SIGN_IDENTITY[sdk=iphoneos*]" = "iPhone Developer";
				COPY_PHASE_STRIP = NO;
				DEBUG_INFORMATION_FORMAT = "dwarf-with-dsym";
				ENABLE_NS_ASSERTIONS = NO;
				ENABLE_STRICT_OBJC_MSGSEND = YES;
				GCC_C_LANGUAGE_STANDARD = gnu99;
				GCC_NO_COMMON_BLOCKS = YES;
				GCC_WARN_64_TO_32_BIT_CONVERSION = YES;
				GCC_WARN_ABOUT_RETURN_TYPE = YES_ERROR;
				GCC_WARN_UNDECLARED_SELECTOR = YES;
				GCC_WARN_UNINITIALIZED_AUTOS = YES_AGGRESSIVE;
				GCC_WARN_UNUSED_FUNCTION = YES;
				GCC_WARN_UNUSED_VARIABLE = YES;
				IPHONEOS_DEPLOYMENT_TARGET = 10.0;
				MTL_ENABLE_DEBUG_INFO = NO;
				SDKROOT = iphoneos;
				SWIFT_OPTIMIZATION_LEVEL = "-Owholemodule";
				VALIDATE_PRODUCT = YES;
			};
			name = Release;
		};
		A432A73C1D7FBE540038E9C8 /* Debug */ = {
			isa = XCBuildConfiguration;
			buildSettings = {
				ASSETCATALOG_COMPILER_APPICON_NAME = AppIcon;
				DEVELOPMENT_TEAM = 9YMD84BE3Z;
				INFOPLIST_FILE = RYImageScroller/Info.plist;
				IPHONEOS_DEPLOYMENT_TARGET = 8.0;
				LD_RUNPATH_SEARCH_PATHS = "$(inherited) @executable_path/Frameworks";
				PRODUCT_BUNDLE_IDENTIFIER = "com.ryukiewang.-";
				PRODUCT_NAME = "$(TARGET_NAME)";
				SWIFT_OBJC_BRIDGING_HEADER = "/Users/rongqingwang/GitHub/RYImageScroller/RYImageScroller/RYImageScroller/RYImageScroller/RYImageScroller/RYImageScroller-Brdging-Header.h";
				SWIFT_VERSION = 3.0;
			};
			name = Debug;
		};
		A432A73D1D7FBE540038E9C8 /* Release */ = {
			isa = XCBuildConfiguration;
			buildSettings = {
				ASSETCATALOG_COMPILER_APPICON_NAME = AppIcon;
				DEVELOPMENT_TEAM = 9YMD84BE3Z;
				INFOPLIST_FILE = RYImageScroller/Info.plist;
				IPHONEOS_DEPLOYMENT_TARGET = 8.0;
				LD_RUNPATH_SEARCH_PATHS = "$(inherited) @executable_path/Frameworks";
				PRODUCT_BUNDLE_IDENTIFIER = "com.ryukiewang.-";
				PRODUCT_NAME = "$(TARGET_NAME)";
				SWIFT_OBJC_BRIDGING_HEADER = "/Users/rongqingwang/GitHub/RYImageScroller/RYImageScroller/RYImageScroller/RYImageScroller/RYImageScroller/RYImageScroller-Brdging-Header.h";
				SWIFT_VERSION = 3.0;
			};
			name = Release;
		};
/* End XCBuildConfiguration section */

/* Begin XCConfigurationList section */
		A432A7241D7FBE540038E9C8 /* Build configuration list for PBXProject "RYImageScroller" */ = {
			isa = XCConfigurationList;
			buildConfigurations = (
				A432A7391D7FBE540038E9C8 /* Debug */,
				A432A73A1D7FBE540038E9C8 /* Release */,
			);
			defaultConfigurationIsVisible = 0;
			defaultConfigurationName = Release;
		};
		A432A73B1D7FBE540038E9C8 /* Build configuration list for PBXNativeTarget "RYImageScroller" */ = {
			isa = XCConfigurationList;
			buildConfigurations = (
				A432A73C1D7FBE540038E9C8 /* Debug */,
				A432A73D1D7FBE540038E9C8 /* Release */,
			);
			defaultConfigurationIsVisible = 0;
			defaultConfigurationName = Release;
		};
/* End XCConfigurationList section */
	};
	rootObject = A432A7211D7FBE540038E9C8 /* Project object */;
}
